// !$*UTF8*$!
{
	archiveVersion = 1;
	classes = {
	};
	objectVersion = 46;
	objects = {

/* Begin PBXBuildFile section */
		050592581CF00DCE00F4E6C9 /* OptimalRoute.m in Sources */ = {isa = PBXBuildFile; fileRef = 050592571CF00DCE00F4E6C9 /* OptimalRoute.m */; };
		0505DF4F1CEAB1D100DBD5A5 /* main.m in Sources */ = {isa = PBXBuildFile; fileRef = 0505DF4E1CEAB1D100DBD5A5 /* main.m */; };
		0505DF681CEAB1D100DBD5A5 /* TouristHelperTests.m in Sources */ = {isa = PBXBuildFile; fileRef = 0505DF671CEAB1D100DBD5A5 /* TouristHelperTests.m */; };
		0505DF731CEAB1D100DBD5A5 /* TouristHelperUITests.m in Sources */ = {isa = PBXBuildFile; fileRef = 0505DF721CEAB1D100DBD5A5 /* TouristHelperUITests.m */; };
		0505DF891CEAB9B900DBD5A5 /* AppDelegate.m in Sources */ = {isa = PBXBuildFile; fileRef = 0505DF871CEAB9B800DBD5A5 /* AppDelegate.m */; };
		0505DF8E1CEAB9C400DBD5A5 /* LaunchScreen.storyboard in Resources */ = {isa = PBXBuildFile; fileRef = 0505DF8A1CEAB9C400DBD5A5 /* LaunchScreen.storyboard */; };
		0505DF8F1CEAB9C400DBD5A5 /* Main.storyboard in Resources */ = {isa = PBXBuildFile; fileRef = 0505DF8C1CEAB9C400DBD5A5 /* Main.storyboard */; };
		0505DF921CEAB9D000DBD5A5 /* MapViewController.m in Sources */ = {isa = PBXBuildFile; fileRef = 0505DF911CEAB9D000DBD5A5 /* MapViewController.m */; };
		0505DF941CEAB9DE00DBD5A5 /* Assets.xcassets in Resources */ = {isa = PBXBuildFile; fileRef = 0505DF931CEAB9DE00DBD5A5 /* Assets.xcassets */; };
		0505DF961CEABB6800DBD5A5 /* Localizable.strings in Resources */ = {isa = PBXBuildFile; fileRef = 0505DF951CEABB6800DBD5A5 /* Localizable.strings */; };
		0505DF991CEAED5B00DBD5A5 /* GooglePlaceMarker.m in Sources */ = {isa = PBXBuildFile; fileRef = 0505DF981CEAED5B00DBD5A5 /* GooglePlaceMarker.m */; };
		0505DF9C1CEAEE4900DBD5A5 /* GooglePlace.m in Sources */ = {isa = PBXBuildFile; fileRef = 0505DF9B1CEAEE4900DBD5A5 /* GooglePlace.m */; };
		0505DFA01CEAF72400DBD5A5 /* GooglePlaceService.m in Sources */ = {isa = PBXBuildFile; fileRef = 0505DF9F1CEAF72400DBD5A5 /* GooglePlaceService.m */; };
		0505DFA61CEB210500DBD5A5 /* MarkerDetailView.m in Sources */ = {isa = PBXBuildFile; fileRef = 0505DFA51CEB210500DBD5A5 /* MarkerDetailView.m */; };
		0505DFAA1CEB216B00DBD5A5 /* MarkerDetailView.xib in Resources */ = {isa = PBXBuildFile; fileRef = 0505DFA91CEB216B00DBD5A5 /* MarkerDetailView.xib */; };
		0505DFAC1CEC410400DBD5A5 /* GooglePlaceServiceTests.m in Sources */ = {isa = PBXBuildFile; fileRef = 0505DFAB1CEC410400DBD5A5 /* GooglePlaceServiceTests.m */; };
		05B4084D3E16B34666DAB3F6 /* libPods.a in Frameworks */ = {isa = PBXBuildFile; fileRef = 565551A496184F0F417253D9 /* libPods.a */; };
		EBE3891814CA6386640EC8B5 /* libPods.a in Frameworks */ = {isa = PBXBuildFile; fileRef = 565551A496184F0F417253D9 /* libPods.a */; };
/* End PBXBuildFile section */

/* Begin PBXContainerItemProxy section */
		0505DF641CEAB1D100DBD5A5 /* PBXContainerItemProxy */ = {
			isa = PBXContainerItemProxy;
			containerPortal = 0505DF421CEAB1D100DBD5A5 /* Project object */;
			proxyType = 1;
			remoteGlobalIDString = 0505DF491CEAB1D100DBD5A5;
			remoteInfo = TouristHelper;
		};
		0505DF6F1CEAB1D100DBD5A5 /* PBXContainerItemProxy */ = {
			isa = PBXContainerItemProxy;
			containerPortal = 0505DF421CEAB1D100DBD5A5 /* Project object */;
			proxyType = 1;
			remoteGlobalIDString = 0505DF491CEAB1D100DBD5A5;
			remoteInfo = TouristHelper;
		};
/* End PBXContainerItemProxy section */

/* Begin PBXFileReference section */
		050592561CF00DCE00F4E6C9 /* OptimalRoute.h */ = {isa = PBXFileReference; fileEncoding = 4; lastKnownFileType = sourcecode.c.h; path = OptimalRoute.h; sourceTree = "<group>"; };
		050592571CF00DCE00F4E6C9 /* OptimalRoute.m */ = {isa = PBXFileReference; fileEncoding = 4; lastKnownFileType = sourcecode.c.objc; path = OptimalRoute.m; sourceTree = "<group>"; };
		0505DF4A1CEAB1D100DBD5A5 /* TouristHelper.app */ = {isa = PBXFileReference; explicitFileType = wrapper.application; includeInIndex = 0; path = TouristHelper.app; sourceTree = BUILT_PRODUCTS_DIR; };
		0505DF4E1CEAB1D100DBD5A5 /* main.m */ = {isa = PBXFileReference; lastKnownFileType = sourcecode.c.objc; path = main.m; sourceTree = "<group>"; };
		0505DF5E1CEAB1D100DBD5A5 /* Info.plist */ = {isa = PBXFileReference; lastKnownFileType = text.plist.xml; path = Info.plist; sourceTree = "<group>"; };
		0505DF631CEAB1D100DBD5A5 /* TouristHelperTests.xctest */ = {isa = PBXFileReference; explicitFileType = wrapper.cfbundle; includeInIndex = 0; path = TouristHelperTests.xctest; sourceTree = BUILT_PRODUCTS_DIR; };
		0505DF671CEAB1D100DBD5A5 /* TouristHelperTests.m */ = {isa = PBXFileReference; lastKnownFileType = sourcecode.c.objc; path = TouristHelperTests.m; sourceTree = "<group>"; };
		0505DF691CEAB1D100DBD5A5 /* Info.plist */ = {isa = PBXFileReference; lastKnownFileType = text.plist.xml; path = Info.plist; sourceTree = "<group>"; };
		0505DF6E1CEAB1D100DBD5A5 /* TouristHelperUITests.xctest */ = {isa = PBXFileReference; explicitFileType = wrapper.cfbundle; includeInIndex = 0; path = TouristHelperUITests.xctest; sourceTree = BUILT_PRODUCTS_DIR; };
		0505DF721CEAB1D100DBD5A5 /* TouristHelperUITests.m */ = {isa = PBXFileReference; lastKnownFileType = sourcecode.c.objc; path = TouristHelperUITests.m; sourceTree = "<group>"; };
		0505DF741CEAB1D100DBD5A5 /* Info.plist */ = {isa = PBXFileReference; lastKnownFileType = text.plist.xml; path = Info.plist; sourceTree = "<group>"; };
		0505DF871CEAB9B800DBD5A5 /* AppDelegate.m */ = {isa = PBXFileReference; fileEncoding = 4; lastKnownFileType = sourcecode.c.objc; path = AppDelegate.m; sourceTree = "<group>"; };
		0505DF881CEAB9B900DBD5A5 /* AppDelegate.h */ = {isa = PBXFileReference; fileEncoding = 4; lastKnownFileType = sourcecode.c.h; path = AppDelegate.h; sourceTree = "<group>"; };
		0505DF8B1CEAB9C400DBD5A5 /* Base */ = {isa = PBXFileReference; lastKnownFileType = file.storyboard; name = Base; path = Base.lproj/LaunchScreen.storyboard; sourceTree = "<group>"; };
		0505DF8D1CEAB9C400DBD5A5 /* Base */ = {isa = PBXFileReference; lastKnownFileType = file.storyboard; name = Base; path = Base.lproj/Main.storyboard; sourceTree = "<group>"; };
		0505DF901CEAB9D000DBD5A5 /* MapViewController.h */ = {isa = PBXFileReference; fileEncoding = 4; lastKnownFileType = sourcecode.c.h; path = MapViewController.h; sourceTree = "<group>"; };
		0505DF911CEAB9D000DBD5A5 /* MapViewController.m */ = {isa = PBXFileReference; fileEncoding = 4; lastKnownFileType = sourcecode.c.objc; path = MapViewController.m; sourceTree = "<group>"; };
		0505DF931CEAB9DE00DBD5A5 /* Assets.xcassets */ = {isa = PBXFileReference; lastKnownFileType = folder.assetcatalog; path = Assets.xcassets; sourceTree = "<group>"; };
		0505DF951CEABB6800DBD5A5 /* Localizable.strings */ = {isa = PBXFileReference; fileEncoding = 4; lastKnownFileType = text.plist.strings; path = Localizable.strings; sourceTree = "<group>"; };
		0505DF971CEAED5B00DBD5A5 /* GooglePlaceMarker.h */ = {isa = PBXFileReference; fileEncoding = 4; lastKnownFileType = sourcecode.c.h; path = GooglePlaceMarker.h; sourceTree = "<group>"; };
		0505DF981CEAED5B00DBD5A5 /* GooglePlaceMarker.m */ = {isa = PBXFileReference; fileEncoding = 4; lastKnownFileType = sourcecode.c.objc; path = GooglePlaceMarker.m; sourceTree = "<group>"; };
		0505DF9A1CEAEE4900DBD5A5 /* GooglePlace.h */ = {isa = PBXFileReference; fileEncoding = 4; lastKnownFileType = sourcecode.c.h; path = GooglePlace.h; sourceTree = "<group>"; };
		0505DF9B1CEAEE4900DBD5A5 /* GooglePlace.m */ = {isa = PBXFileReference; fileEncoding = 4; lastKnownFileType = sourcecode.c.objc; path = GooglePlace.m; sourceTree = "<group>"; };
		0505DF9E1CEAF72400DBD5A5 /* GooglePlaceService.h */ = {isa = PBXFileReference; fileEncoding = 4; lastKnownFileType = sourcecode.c.h; path = GooglePlaceService.h; sourceTree = "<group>"; };
		0505DF9F1CEAF72400DBD5A5 /* GooglePlaceService.m */ = {isa = PBXFileReference; fileEncoding = 4; lastKnownFileType = sourcecode.c.objc; path = GooglePlaceService.m; sourceTree = "<group>"; };
		0505DFA41CEB210500DBD5A5 /* MarkerDetailView.h */ = {isa = PBXFileReference; fileEncoding = 4; lastKnownFileType = sourcecode.c.h; path = MarkerDetailView.h; sourceTree = "<group>"; };
		0505DFA51CEB210500DBD5A5 /* MarkerDetailView.m */ = {isa = PBXFileReference; fileEncoding = 4; lastKnownFileType = sourcecode.c.objc; path = MarkerDetailView.m; sourceTree = "<group>"; };
		0505DFA91CEB216B00DBD5A5 /* MarkerDetailView.xib */ = {isa = PBXFileReference; fileEncoding = 4; lastKnownFileType = file.xib; path = MarkerDetailView.xib; sourceTree = "<group>"; };
		0505DFAB1CEC410400DBD5A5 /* GooglePlaceServiceTests.m */ = {isa = PBXFileReference; fileEncoding = 4; lastKnownFileType = sourcecode.c.objc; path = GooglePlaceServiceTests.m; sourceTree = "<group>"; };
		565551A496184F0F417253D9 /* libPods.a */ = {isa = PBXFileReference; explicitFileType = archive.ar; includeInIndex = 0; path = libPods.a; sourceTree = BUILT_PRODUCTS_DIR; };
		BB1B28760E6C658D78F304EC /* Pods.release.xcconfig */ = {isa = PBXFileReference; includeInIndex = 1; lastKnownFileType = text.xcconfig; name = Pods.release.xcconfig; path = "Pods/Target Support Files/Pods/Pods.release.xcconfig"; sourceTree = "<group>"; };
		E2D9C8BB73A418E19C4B1311 /* Pods.debug.xcconfig */ = {isa = PBXFileReference; includeInIndex = 1; lastKnownFileType = text.xcconfig; name = Pods.debug.xcconfig; path = "Pods/Target Support Files/Pods/Pods.debug.xcconfig"; sourceTree = "<group>"; };
/* End PBXFileReference section */

/* Begin PBXFrameworksBuildPhase section */
		0505DF471CEAB1D100DBD5A5 /* Frameworks */ = {
			isa = PBXFrameworksBuildPhase;
			buildActionMask = 2147483647;
			files = (
				EBE3891814CA6386640EC8B5 /* libPods.a in Frameworks */,
			);
			runOnlyForDeploymentPostprocessing = 0;
		};
		0505DF601CEAB1D100DBD5A5 /* Frameworks */ = {
			isa = PBXFrameworksBuildPhase;
			buildActionMask = 2147483647;
			files = (
				05B4084D3E16B34666DAB3F6 /* libPods.a in Frameworks */,
			);
			runOnlyForDeploymentPostprocessing = 0;
		};
		0505DF6B1CEAB1D100DBD5A5 /* Frameworks */ = {
			isa = PBXFrameworksBuildPhase;
			buildActionMask = 2147483647;
			files = (
			);
			runOnlyForDeploymentPostprocessing = 0;
		};
/* End PBXFrameworksBuildPhase section */

/* Begin PBXGroup section */
		0505DF411CEAB1D100DBD5A5 = {
			isa = PBXGroup;
			children = (
				0505DF4C1CEAB1D100DBD5A5 /* TouristHelper */,
				0505DF661CEAB1D100DBD5A5 /* TouristHelperTests */,
				0505DF711CEAB1D100DBD5A5 /* TouristHelperUITests */,
				0505DF4B1CEAB1D100DBD5A5 /* Products */,
				3E7D34EAC7C73506011DB49A /* Pods */,
				D377B98A9A70CF519A67B179 /* Frameworks */,
			);
			sourceTree = "<group>";
		};
		0505DF4B1CEAB1D100DBD5A5 /* Products */ = {
			isa = PBXGroup;
			children = (
				0505DF4A1CEAB1D100DBD5A5 /* TouristHelper.app */,
				0505DF631CEAB1D100DBD5A5 /* TouristHelperTests.xctest */,
				0505DF6E1CEAB1D100DBD5A5 /* TouristHelperUITests.xctest */,
			);
			name = Products;
			sourceTree = "<group>";
		};
		0505DF4C1CEAB1D100DBD5A5 /* TouristHelper */ = {
			isa = PBXGroup;
			children = (
				0505DF9D1CEAF71000DBD5A5 /* Services */,
				0505DF801CEAB95D00DBD5A5 /* Resources */,
				0505DF811CEAB95D00DBD5A5 /* App */,
				0505DF821CEAB95D00DBD5A5 /* Storyboards */,
				0505DF831CEAB95D00DBD5A5 /* Helpers */,
				0505DF841CEAB95D00DBD5A5 /* Views */,
				0505DF851CEAB95D00DBD5A5 /* Models */,
				0505DF861CEAB95D00DBD5A5 /* ViewControllers */,
				0505DF5E1CEAB1D100DBD5A5 /* Info.plist */,
				0505DF4D1CEAB1D100DBD5A5 /* Supporting Files */,
			);
			path = TouristHelper;
			sourceTree = "<group>";
		};
		0505DF4D1CEAB1D100DBD5A5 /* Supporting Files */ = {
			isa = PBXGroup;
			children = (
				0505DF4E1CEAB1D100DBD5A5 /* main.m */,
			);
			name = "Supporting Files";
			sourceTree = "<group>";
		};
		0505DF661CEAB1D100DBD5A5 /* TouristHelperTests */ = {
			isa = PBXGroup;
			children = (
				0505DF671CEAB1D100DBD5A5 /* TouristHelperTests.m */,
				0505DF691CEAB1D100DBD5A5 /* Info.plist */,
				0505DFAB1CEC410400DBD5A5 /* GooglePlaceServiceTests.m */,
			);
			path = TouristHelperTests;
			sourceTree = "<group>";
		};
		0505DF711CEAB1D100DBD5A5 /* TouristHelperUITests */ = {
			isa = PBXGroup;
			children = (
				0505DF721CEAB1D100DBD5A5 /* TouristHelperUITests.m */,
				0505DF741CEAB1D100DBD5A5 /* Info.plist */,
			);
			path = TouristHelperUITests;
			sourceTree = "<group>";
		};
		0505DF801CEAB95D00DBD5A5 /* Resources */ = {
			isa = PBXGroup;
			children = (
				0505DF931CEAB9DE00DBD5A5 /* Assets.xcassets */,
				0505DF951CEABB6800DBD5A5 /* Localizable.strings */,
			);
			path = Resources;
			sourceTree = "<group>";
		};
		0505DF811CEAB95D00DBD5A5 /* App */ = {
			isa = PBXGroup;
			children = (
				0505DF881CEAB9B900DBD5A5 /* AppDelegate.h */,
				0505DF871CEAB9B800DBD5A5 /* AppDelegate.m */,
			);
			path = App;
			sourceTree = "<group>";
		};
		0505DF821CEAB95D00DBD5A5 /* Storyboards */ = {
			isa = PBXGroup;
			children = (
				0505DF8A1CEAB9C400DBD5A5 /* LaunchScreen.storyboard */,
				0505DF8C1CEAB9C400DBD5A5 /* Main.storyboard */,
			);
			path = Storyboards;
			sourceTree = "<group>";
		};
		0505DF831CEAB95D00DBD5A5 /* Helpers */ = {
			isa = PBXGroup;
			children = (
			);
			path = Helpers;
			sourceTree = "<group>";
		};
		0505DF841CEAB95D00DBD5A5 /* Views */ = {
			isa = PBXGroup;
			children = (
				0505DFA41CEB210500DBD5A5 /* MarkerDetailView.h */,
				0505DFA51CEB210500DBD5A5 /* MarkerDetailView.m */,
				0505DFA91CEB216B00DBD5A5 /* MarkerDetailView.xib */,
			);
			path = Views;
			sourceTree = "<group>";
		};
		0505DF851CEAB95D00DBD5A5 /* Models */ = {
			isa = PBXGroup;
			children = (
				050592561CF00DCE00F4E6C9 /* OptimalRoute.h */,
				050592571CF00DCE00F4E6C9 /* OptimalRoute.m */,
				0505DF971CEAED5B00DBD5A5 /* GooglePlaceMarker.h */,
				0505DF981CEAED5B00DBD5A5 /* GooglePlaceMarker.m */,
				0505DF9A1CEAEE4900DBD5A5 /* GooglePlace.h */,
				0505DF9B1CEAEE4900DBD5A5 /* GooglePlace.m */,
			);
			path = Models;
			sourceTree = "<group>";
		};
		0505DF861CEAB95D00DBD5A5 /* ViewControllers */ = {
			isa = PBXGroup;
			children = (
				0505DF901CEAB9D000DBD5A5 /* MapViewController.h */,
				0505DF911CEAB9D000DBD5A5 /* MapViewController.m */,
			);
			path = ViewControllers;
			sourceTree = "<group>";
		};
		0505DF9D1CEAF71000DBD5A5 /* Services */ = {
			isa = PBXGroup;
			children = (
				0505DF9E1CEAF72400DBD5A5 /* GooglePlaceService.h */,
				0505DF9F1CEAF72400DBD5A5 /* GooglePlaceService.m */,
			);
			path = Services;
			sourceTree = "<group>";
		};
		3E7D34EAC7C73506011DB49A /* Pods */ = {
			isa = PBXGroup;
			children = (
				E2D9C8BB73A418E19C4B1311 /* Pods.debug.xcconfig */,
				BB1B28760E6C658D78F304EC /* Pods.release.xcconfig */,
			);
			name = Pods;
			sourceTree = "<group>";
		};
		D377B98A9A70CF519A67B179 /* Frameworks */ = {
			isa = PBXGroup;
			children = (
				565551A496184F0F417253D9 /* libPods.a */,
			);
			name = Frameworks;
			sourceTree = "<group>";
		};
/* End PBXGroup section */

/* Begin PBXNativeTarget section */
		0505DF491CEAB1D100DBD5A5 /* TouristHelper */ = {
			isa = PBXNativeTarget;
			buildConfigurationList = 0505DF771CEAB1D100DBD5A5 /* Build configuration list for PBXNativeTarget "TouristHelper" */;
			buildPhases = (
				91F9D7B904D8CF998A9FF48F /* Check Pods Manifest.lock */,
				0505DF461CEAB1D100DBD5A5 /* Sources */,
				0505DF471CEAB1D100DBD5A5 /* Frameworks */,
				0505DF481CEAB1D100DBD5A5 /* Resources */,
				D56681CD39ED8A83B0955325 /* Embed Pods Frameworks */,
				D8A8E8996E6E5B86C24335BC /* Copy Pods Resources */,
			);
			buildRules = (
			);
			dependencies = (
			);
			name = TouristHelper;
			productName = TouristHelper;
			productReference = 0505DF4A1CEAB1D100DBD5A5 /* TouristHelper.app */;
			productType = "com.apple.product-type.application";
		};
		0505DF621CEAB1D100DBD5A5 /* TouristHelperTests */ = {
			isa = PBXNativeTarget;
			buildConfigurationList = 0505DF7A1CEAB1D100DBD5A5 /* Build configuration list for PBXNativeTarget "TouristHelperTests" */;
			buildPhases = (
				38E4699F967C5259F4C93D12 /* Check Pods Manifest.lock */,
				0505DF5F1CEAB1D100DBD5A5 /* Sources */,
				0505DF601CEAB1D100DBD5A5 /* Frameworks */,
				0505DF611CEAB1D100DBD5A5 /* Resources */,
				423947A132EE10E5183A1196 /* Embed Pods Frameworks */,
				9205AD700C93F4079F8FE4E2 /* Copy Pods Resources */,
			);
			buildRules = (
			);
			dependencies = (
				0505DF651CEAB1D100DBD5A5 /* PBXTargetDependency */,
			);
			name = TouristHelperTests;
			productName = TouristHelperTests;
			productReference = 0505DF631CEAB1D100DBD5A5 /* TouristHelperTests.xctest */;
			productType = "com.apple.product-type.bundle.unit-test";
		};
		0505DF6D1CEAB1D100DBD5A5 /* TouristHelperUITests */ = {
			isa = PBXNativeTarget;
			buildConfigurationList = 0505DF7D1CEAB1D100DBD5A5 /* Build configuration list for PBXNativeTarget "TouristHelperUITests" */;
			buildPhases = (
				0505DF6A1CEAB1D100DBD5A5 /* Sources */,
				0505DF6B1CEAB1D100DBD5A5 /* Frameworks */,
				0505DF6C1CEAB1D100DBD5A5 /* Resources */,
			);
			buildRules = (
			);
			dependencies = (
				0505DF701CEAB1D100DBD5A5 /* PBXTargetDependency */,
			);
			name = TouristHelperUITests;
			productName = TouristHelperUITests;
			productReference = 0505DF6E1CEAB1D100DBD5A5 /* TouristHelperUITests.xctest */;
			productType = "com.apple.product-type.bundle.ui-testing";
		};
/* End PBXNativeTarget section */

/* Begin PBXProject section */
		0505DF421CEAB1D100DBD5A5 /* Project object */ = {
			isa = PBXProject;
			attributes = {
				LastUpgradeCheck = 0730;
				ORGANIZATIONNAME = "Vohra, Nikant";
				TargetAttributes = {
					0505DF491CEAB1D100DBD5A5 = {
						CreatedOnToolsVersion = 7.3;
					};
					0505DF621CEAB1D100DBD5A5 = {
						CreatedOnToolsVersion = 7.3;
						TestTargetID = 0505DF491CEAB1D100DBD5A5;
					};
					0505DF6D1CEAB1D100DBD5A5 = {
						CreatedOnToolsVersion = 7.3;
						TestTargetID = 0505DF491CEAB1D100DBD5A5;
					};
				};
			};
			buildConfigurationList = 0505DF451CEAB1D100DBD5A5 /* Build configuration list for PBXProject "TouristHelper" */;
			compatibilityVersion = "Xcode 3.2";
			developmentRegion = English;
			hasScannedForEncodings = 0;
			knownRegions = (
				en,
				Base,
			);
			mainGroup = 0505DF411CEAB1D100DBD5A5;
			productRefGroup = 0505DF4B1CEAB1D100DBD5A5 /* Products */;
			projectDirPath = "";
			projectRoot = "";
			targets = (
				0505DF491CEAB1D100DBD5A5 /* TouristHelper */,
				0505DF621CEAB1D100DBD5A5 /* TouristHelperTests */,
				0505DF6D1CEAB1D100DBD5A5 /* TouristHelperUITests */,
			);
		};
/* End PBXProject section */

/* Begin PBXResourcesBuildPhase section */
		0505DF481CEAB1D100DBD5A5 /* Resources */ = {
			isa = PBXResourcesBuildPhase;
			buildActionMask = 2147483647;
			files = (
				0505DF8F1CEAB9C400DBD5A5 /* Main.storyboard in Resources */,
				0505DF961CEABB6800DBD5A5 /* Localizable.strings in Resources */,
				0505DFAA1CEB216B00DBD5A5 /* MarkerDetailView.xib in Resources */,
				0505DF8E1CEAB9C400DBD5A5 /* LaunchScreen.storyboard in Resources */,
				0505DF941CEAB9DE00DBD5A5 /* Assets.xcassets in Resources */,
			);
			runOnlyForDeploymentPostprocessing = 0;
		};
		0505DF611CEAB1D100DBD5A5 /* Resources */ = {
			isa = PBXResourcesBuildPhase;
			buildActionMask = 2147483647;
			files = (
			);
			runOnlyForDeploymentPostprocessing = 0;
		};
		0505DF6C1CEAB1D100DBD5A5 /* Resources */ = {
			isa = PBXResourcesBuildPhase;
			buildActionMask = 2147483647;
			files = (
			);
			runOnlyForDeploymentPostprocessing = 0;
		};
/* End PBXResourcesBuildPhase section */

/* Begin PBXShellScriptBuildPhase section */
		38E4699F967C5259F4C93D12 /* Check Pods Manifest.lock */ = {
			isa = PBXShellScriptBuildPhase;
			buildActionMask = 2147483647;
			files = (
			);
			inputPaths = (
			);
			name = "Check Pods Manifest.lock";
			outputPaths = (
			);
			runOnlyForDeploymentPostprocessing = 0;
			shellPath = /bin/sh;
			shellScript = "diff \"${PODS_ROOT}/../Podfile.lock\" \"${PODS_ROOT}/Manifest.lock\" > /dev/null\nif [[ $? != 0 ]] ; then\n    cat << EOM\nerror: The sandbox is not in sync with the Podfile.lock. Run 'pod install' or update your CocoaPods installation.\nEOM\n    exit 1\nfi\n";
			showEnvVarsInLog = 0;
		};
		423947A132EE10E5183A1196 /* Embed Pods Frameworks */ = {
			isa = PBXShellScriptBuildPhase;
			buildActionMask = 2147483647;
			files = (
			);
			inputPaths = (
			);
			name = "Embed Pods Frameworks";
			outputPaths = (
			);
			runOnlyForDeploymentPostprocessing = 0;
			shellPath = /bin/sh;
			shellScript = "\"${SRCROOT}/Pods/Target Support Files/Pods/Pods-frameworks.sh\"\n";
			showEnvVarsInLog = 0;
		};
		91F9D7B904D8CF998A9FF48F /* Check Pods Manifest.lock */ = {
			isa = PBXShellScriptBuildPhase;
			buildActionMask = 2147483647;
			files = (
			);
			inputPaths = (
			);
			name = "Check Pods Manifest.lock";
			outputPaths = (
			);
			runOnlyForDeploymentPostprocessing = 0;
			shellPath = /bin/sh;
			shellScript = "diff \"${PODS_ROOT}/../Podfile.lock\" \"${PODS_ROOT}/Manifest.lock\" > /dev/null\nif [[ $? != 0 ]] ; then\n    cat << EOM\nerror: The sandbox is not in sync with the Podfile.lock. Run 'pod install' or update your CocoaPods installation.\nEOM\n    exit 1\nfi\n";
			showEnvVarsInLog = 0;
		};
		9205AD700C93F4079F8FE4E2 /* Copy Pods Resources */ = {
			isa = PBXShellScriptBuildPhase;
			buildActionMask = 2147483647;
			files = (
			);
			inputPaths = (
			);
			name = "Copy Pods Resources";
			outputPaths = (
			);
			runOnlyForDeploymentPostprocessing = 0;
			shellPath = /bin/sh;
			shellScript = "\"${SRCROOT}/Pods/Target Support Files/Pods/Pods-resources.sh\"\n";
			showEnvVarsInLog = 0;
		};
		D56681CD39ED8A83B0955325 /* Embed Pods Frameworks */ = {
			isa = PBXShellScriptBuildPhase;
			buildActionMask = 2147483647;
			files = (
			);
			inputPaths = (
			);
			name = "Embed Pods Frameworks";
			outputPaths = (
			);
			runOnlyForDeploymentPostprocessing = 0;
			shellPath = /bin/sh;
			shellScript = "\"${SRCROOT}/Pods/Target Support Files/Pods/Pods-frameworks.sh\"\n";
			showEnvVarsInLog = 0;
		};
		D8A8E8996E6E5B86C24335BC /* Copy Pods Resources */ = {
			isa = PBXShellScriptBuildPhase;
			buildActionMask = 2147483647;
			files = (
			);
			inputPaths = (
			);
			name = "Copy Pods Resources";
			outputPaths = (
			);
			runOnlyForDeploymentPostprocessing = 0;
			shellPath = /bin/sh;
			shellScript = "\"${SRCROOT}/Pods/Target Support Files/Pods/Pods-resources.sh\"\n";
			showEnvVarsInLog = 0;
		};
/* End PBXShellScriptBuildPhase section */

/* Begin PBXSourcesBuildPhase section */
		0505DF461CEAB1D100DBD5A5 /* Sources */ = {
			isa = PBXSourcesBuildPhase;
			buildActionMask = 2147483647;
			files = (
				0505DF9C1CEAEE4900DBD5A5 /* GooglePlace.m in Sources */,
				0505DF891CEAB9B900DBD5A5 /* AppDelegate.m in Sources */,
				0505DFA01CEAF72400DBD5A5 /* GooglePlaceService.m in Sources */,
				0505DFA61CEB210500DBD5A5 /* MarkerDetailView.m in Sources */,
				0505DF4F1CEAB1D100DBD5A5 /* main.m in Sources */,
				0505DF991CEAED5B00DBD5A5 /* GooglePlaceMarker.m in Sources */,
				050592581CF00DCE00F4E6C9 /* OptimalRoute.m in Sources */,
				0505DF921CEAB9D000DBD5A5 /* MapViewController.m in Sources */,
			);
			runOnlyForDeploymentPostprocessing = 0;
		};
		0505DF5F1CEAB1D100DBD5A5 /* Sources */ = {
			isa = PBXSourcesBuildPhase;
			buildActionMask = 2147483647;
			files = (
				0505DFAC1CEC410400DBD5A5 /* GooglePlaceServiceTests.m in Sources */,
				0505DF681CEAB1D100DBD5A5 /* TouristHelperTests.m in Sources */,
			);
			runOnlyForDeploymentPostprocessing = 0;
		};
		0505DF6A1CEAB1D100DBD5A5 /* Sources */ = {
			isa = PBXSourcesBuildPhase;
			buildActionMask = 2147483647;
			files = (
				0505DF731CEAB1D100DBD5A5 /* TouristHelperUITests.m in Sources */,
			);
			runOnlyForDeploymentPostprocessing = 0;
		};
/* End PBXSourcesBuildPhase section */

/* Begin PBXTargetDependency section */
		0505DF651CEAB1D100DBD5A5 /* PBXTargetDependency */ = {
			isa = PBXTargetDependency;
			target = 0505DF491CEAB1D100DBD5A5 /* TouristHelper */;
			targetProxy = 0505DF641CEAB1D100DBD5A5 /* PBXContainerItemProxy */;
		};
		0505DF701CEAB1D100DBD5A5 /* PBXTargetDependency */ = {
			isa = PBXTargetDependency;
			target = 0505DF491CEAB1D100DBD5A5 /* TouristHelper */;
			targetProxy = 0505DF6F1CEAB1D100DBD5A5 /* PBXContainerItemProxy */;
		};
/* End PBXTargetDependency section */

/* Begin PBXVariantGroup section */
		0505DF8A1CEAB9C400DBD5A5 /* LaunchScreen.storyboard */ = {
			isa = PBXVariantGroup;
			children = (
				0505DF8B1CEAB9C400DBD5A5 /* Base */,
			);
			name = LaunchScreen.storyboard;
			sourceTree = "<group>";
		};
		0505DF8C1CEAB9C400DBD5A5 /* Main.storyboard */ = {
			isa = PBXVariantGroup;
			children = (
				0505DF8D1CEAB9C400DBD5A5 /* Base */,
			);
			name = Main.storyboard;
			sourceTree = "<group>";
		};
/* End PBXVariantGroup section */

/* Begin XCBuildConfiguration section */
		0505DF751CEAB1D100DBD5A5 /* Debug */ = {
			isa = XCBuildConfiguration;
			buildSettings = {
				ALWAYS_SEARCH_USER_PATHS = NO;
				CLANG_ANALYZER_NONNULL = YES;
				CLANG_CXX_LANGUAGE_STANDARD = "gnu++0x";
				CLANG_CXX_LIBRARY = "libc++";
				CLANG_ENABLE_MODULES = YES;
				CLANG_ENABLE_OBJC_ARC = YES;
				CLANG_WARN_BOOL_CONVERSION = YES;
				CLANG_WARN_CONSTANT_CONVERSION = YES;
				CLANG_WARN_DIRECT_OBJC_ISA_USAGE = YES_ERROR;
				CLANG_WARN_EMPTY_BODY = YES;
				CLANG_WARN_ENUM_CONVERSION = YES;
				CLANG_WARN_INT_CONVERSION = YES;
				CLANG_WARN_OBJC_ROOT_CLASS = YES_ERROR;
				CLANG_WARN_UNREACHABLE_CODE = YES;
				CLANG_WARN__DUPLICATE_METHOD_MATCH = YES;
				"CODE_SIGN_IDENTITY[sdk=iphoneos*]" = "iPhone Developer";
				COPY_PHASE_STRIP = NO;
				DEBUG_INFORMATION_FORMAT = dwarf;
				ENABLE_STRICT_OBJC_MSGSEND = YES;
				ENABLE_TESTABILITY = YES;
				GCC_C_LANGUAGE_STANDARD = gnu99;
				GCC_DYNAMIC_NO_PIC = NO;
				GCC_NO_COMMON_BLOCKS = YES;
				GCC_OPTIMIZATION_LEVEL = 0;
				GCC_PREPROCESSOR_DEFINITIONS = (
					"DEBUG=1",
					"$(inherited)",
				);
				GCC_WARN_64_TO_32_BIT_CONVERSION = YES;
				GCC_WARN_ABOUT_RETURN_TYPE = YES_ERROR;
				GCC_WARN_UNDECLARED_SELECTOR = YES;
				GCC_WARN_UNINITIALIZED_AUTOS = YES_AGGRESSIVE;
				GCC_WARN_UNUSED_FUNCTION = YES;
				GCC_WARN_UNUSED_VARIABLE = YES;
				IPHONEOS_DEPLOYMENT_TARGET = 9.3;
				MTL_ENABLE_DEBUG_INFO = YES;
				ONLY_ACTIVE_ARCH = YES;
				SDKROOT = iphoneos;
				TARGETED_DEVICE_FAMILY = "1,2";
			};
			name = Debug;
		};
		0505DF761CEAB1D100DBD5A5 /* Release */ = {
			isa = XCBuildConfiguration;
			buildSettings = {
				ALWAYS_SEARCH_USER_PATHS = NO;
				CLANG_ANALYZER_NONNULL = YES;
				CLANG_CXX_LANGUAGE_STANDARD = "gnu++0x";
				CLANG_CXX_LIBRARY = "libc++";
				CLANG_ENABLE_MODULES = YES;
				CLANG_ENABLE_OBJC_ARC = YES;
				CLANG_WARN_BOOL_CONVERSION = YES;
				CLANG_WARN_CONSTANT_CONVERSION = YES;
				CLANG_WARN_DIRECT_OBJC_ISA_USAGE = YES_ERROR;
				CLANG_WARN_EMPTY_BODY = YES;
				CLANG_WARN_ENUM_CONVERSION = YES;
				CLANG_WARN_INT_CONVERSION = YES;
				CLANG_WARN_OBJC_ROOT_CLASS = YES_ERROR;
				CLANG_WARN_UNREACHABLE_CODE = YES;
				CLANG_WARN__DUPLICATE_METHOD_MATCH = YES;
				"CODE_SIGN_IDENTITY[sdk=iphoneos*]" = "iPhone Developer";
				COPY_PHASE_STRIP = NO;
				DEBUG_INFORMATION_FORMAT = "dwarf-with-dsym";
				ENABLE_NS_ASSERTIONS = NO;
				ENABLE_STRICT_OBJC_MSGSEND = YES;
				GCC_C_LANGUAGE_STANDARD = gnu99;
				GCC_NO_COMMON_BLOCKS = YES;
				GCC_WARN_64_TO_32_BIT_CONVERSION = YES;
				GCC_WARN_ABOUT_RETURN_TYPE = YES_ERROR;
				GCC_WARN_UNDECLARED_SELECTOR = YES;
				GCC_WARN_UNINITIALIZED_AUTOS = YES_AGGRESSIVE;
				GCC_WARN_UNUSED_FUNCTION = YES;
				GCC_WARN_UNUSED_VARIABLE = YES;
				IPHONEOS_DEPLOYMENT_TARGET = 9.3;
				MTL_ENABLE_DEBUG_INFO = NO;
				SDKROOT = iphoneos;
				TARGETED_DEVICE_FAMILY = "1,2";
				VALIDATE_PRODUCT = YES;
			};
			name = Release;
		};
		0505DF781CEAB1D100DBD5A5 /* Debug */ = {
			isa = XCBuildConfiguration;
			baseConfigurationReference = E2D9C8BB73A418E19C4B1311 /* Pods.debug.xcconfig */;
			buildSettings = {
				ASSETCATALOG_COMPILER_APPICON_NAME = AppIcon;
				INFOPLIST_FILE = TouristHelper/Info.plist;
				LD_RUNPATH_SEARCH_PATHS = "$(inherited) @executable_path/Frameworks";
				PRODUCT_BUNDLE_IDENTIFIER = com.nikant.TouristHelper;
				PRODUCT_NAME = "$(TARGET_NAME)";
			};
			name = Debug;
		};
		0505DF791CEAB1D100DBD5A5 /* Release */ = {
			isa = XCBuildConfiguration;
			baseConfigurationReference = BB1B28760E6C658D78F304EC /* Pods.release.xcconfig */;
			buildSettings = {
				ASSETCATALOG_COMPILER_APPICON_NAME = AppIcon;
				INFOPLIST_FILE = TouristHelper/Info.plist;
				LD_RUNPATH_SEARCH_PATHS = "$(inherited) @executable_path/Frameworks";
				PRODUCT_BUNDLE_IDENTIFIER = com.nikant.TouristHelper;
				PRODUCT_NAME = "$(TARGET_NAME)";
			};
			name = Release;
		};
		0505DF7B1CEAB1D100DBD5A5 /* Debug */ = {
			isa = XCBuildConfiguration;
			baseConfigurationReference = E2D9C8BB73A418E19C4B1311 /* Pods.debug.xcconfig */;
			buildSettings = {
				BUNDLE_LOADER = "$(TEST_HOST)";
				INFOPLIST_FILE = TouristHelperTests/Info.plist;
				LD_RUNPATH_SEARCH_PATHS = "$(inherited) @executable_path/Frameworks @loader_path/Frameworks";
				PRODUCT_BUNDLE_IDENTIFIER = com.nikant.TouristHelperTests;
				PRODUCT_NAME = "$(TARGET_NAME)";
				TEST_HOST = "$(BUILT_PRODUCTS_DIR)/TouristHelper.app/TouristHelper";
			};
			name = Debug;
		};
		0505DF7C1CEAB1D100DBD5A5 /* Release */ = {
			isa = XCBuildConfiguration;
			baseConfigurationReference = BB1B28760E6C658D78F304EC /* Pods.release.xcconfig */;
			buildSettings = {
				BUNDLE_LOADER = "$(TEST_HOST)";
				INFOPLIST_FILE = TouristHelperTests/Info.plist;
				LD_RUNPATH_SEARCH_PATHS = "$(inherited) @executable_path/Frameworks @loader_path/Frameworks";
				PRODUCT_BUNDLE_IDENTIFIER = com.nikant.TouristHelperTests;
				PRODUCT_NAME = "$(TARGET_NAME)";
				TEST_HOST = "$(BUILT_PRODUCTS_DIR)/TouristHelper.app/TouristHelper";
			};
			name = Release;
		};
		0505DF7E1CEAB1D100DBD5A5 /* Debug */ = {
			isa = XCBuildConfiguration;
			buildSettings = {
				INFOPLIST_FILE = TouristHelperUITests/Info.plist;
				LD_RUNPATH_SEARCH_PATHS = "$(inherited) @executable_path/Frameworks @loader_path/Frameworks";
				PRODUCT_BUNDLE_IDENTIFIER = com.nikant.TouristHelperUITests;
				PRODUCT_NAME = "$(TARGET_NAME)";
				TEST_TARGET_NAME = TouristHelper;
			};
			name = Debug;
		};
		0505DF7F1CEAB1D100DBD5A5 /* Release */ = {
			isa = XCBuildConfiguration;
			buildSettings = {
				INFOPLIST_FILE = TouristHelperUITests/Info.plist;
				LD_RUNPATH_SEARCH_PATHS = "$(inherited) @executable_path/Frameworks @loader_path/Frameworks";
				PRODUCT_BUNDLE_IDENTIFIER = com.nikant.TouristHelperUITests;
				PRODUCT_NAME = "$(TARGET_NAME)";
				TEST_TARGET_NAME = TouristHelper;
			};
			name = Release;
		};
/* End XCBuildConfiguration section */

/* Begin XCConfigurationList section */
		0505DF451CEAB1D100DBD5A5 /* Build configuration list for PBXProject "TouristHelper" */ = {
			isa = XCConfigurationList;
			buildConfigurations = (
				0505DF751CEAB1D100DBD5A5 /* Debug */,
				0505DF761CEAB1D100DBD5A5 /* Release */,
			);
			defaultConfigurationIsVisible = 0;
			defaultConfigurationName = Release;
		};
		0505DF771CEAB1D100DBD5A5 /* Build configuration list for PBXNativeTarget "TouristHelper" */ = {
			isa = XCConfigurationList;
			buildConfigurations = (
				0505DF781CEAB1D100DBD5A5 /* Debug */,
				0505DF791CEAB1D100DBD5A5 /* Release */,
			);
			defaultConfigurationIsVisible = 0;
			defaultConfigurationName = Release;
		};
		0505DF7A1CEAB1D100DBD5A5 /* Build configuration list for PBXNativeTarget "TouristHelperTests" */ = {
			isa = XCConfigurationList;
			buildConfigurations = (
				0505DF7B1CEAB1D100DBD5A5 /* Debug */,
				0505DF7C1CEAB1D100DBD5A5 /* Release */,
			);
			defaultConfigurationIsVisible = 0;
			defaultConfigurationName = Release;
		};
		0505DF7D1CEAB1D100DBD5A5 /* Build configuration list for PBXNativeTarget "TouristHelperUITests" */ = {
			isa = XCConfigurationList;
			buildConfigurations = (
				0505DF7E1CEAB1D100DBD5A5 /* Debug */,
				0505DF7F1CEAB1D100DBD5A5 /* Release */,
			);
			defaultConfigurationIsVisible = 0;
			defaultConfigurationName = Release;
		};
/* End XCConfigurationList section */
	};
	rootObject = 0505DF421CEAB1D100DBD5A5 /* Project object */;
}
